{
    "_readme": [
        "This file locks the dependencies of your project to a known state",
        "Read more about it at https://getcomposer.org/doc/01-basic-usage.md#installing-dependencies",
        "This file is @generated automatically"
    ],
    "content-hash": "ff074d48c8dfc0d8996842712509a321",
    "packages": [
        {
            "name": "anatoly",
            "version": "dev-master",
            "source": {
                "type": "git",
                "url": "https://github.com/BSUGD/anatoly.git",
                "reference": "d9e68b3529cc59f40dbfc669280dbecb339191e0"
            },
            "require": {
                "core": "@dev"
            },
            "type": "package",
            "autoload": {
                "classmap": [
                    "AnatolyException.php",
                    "Line.php",
                    "Quadratic.php",
                    "Logger.php",
                    "composer.json",
                    "composer.lock"
                ]
            },
            "time": "2020-04-17T18:08:25+00:00"
        },
        {
            "name": "core",
            "version": "@dev",
            "source": {
                "type": "git",
                "url": "https://github.com/rok9ru/trpo-core.git",
                "reference": "master"
            },
            "type": "library",
            "time": "2019-11-23T10:22:55+00:00"
        }
    ],
    "packages-dev": [],
    "aliases": [],
    "minimum-stability": "dev",
    "stability-flags": [],
    "prefer-stable": false,
    "prefer-lowest": false,
    "platform": [],
    "platform-dev": [],
    "plugin-api-version": "1.1.0"
}
